
Microsoft Visual Studio Solution File, Format Version 12.00
# Visual Studio Version 16
VisualStudioVersion = 16.0.31026.101
MinimumVisualStudioVersion = 10.0.40219.1
Project("{FAE04EC0-301F-11D3-BF4B-00C04F79EFBC}") = "BarCodeScanner", "BarCodeScanner\BarCodeScanner.csproj", "{0B14741A-AD93-4BCC-88CB-C52359470F25}"
EndProject
Global
	GlobalSection(SolutionConfigurationPlatforms) = preSolution
		Debug|Any CPU = Debug|Any CPU
		Release|Any CPU = Release|Any CPU
	EndGlobalSection
	GlobalSection(ProjectConfigurationPlatforms) = postSolution
		{0B14741A-AD93-4BCC-88CB-C52359470F25}.Debug|Any CPU.ActiveCfg = Debug|Any CPU
		{0B14741A-AD93-4BCC-88CB-C52359470F25}.Debug|Any CPU.Build.0 = Debug|Any CPU
		{0B14741A-AD93-4BCC-88CB-C52359470F25}.Release|Any CPU.ActiveCfg = Release|Any CPU
		{0B14741A-AD93-4BCC-88CB-C52359470F25}.Release|Any CPU.Build.0 = Release|Any CPU
	EndGlobalSection
	GlobalSection(SolutionProperties) = preSolution
		HideSolutionNode = FALSE
	EndGlobalSection
	GlobalSection(ExtensibilityGlobals) = postSolution
		SolutionGuid = {89B19C57-A4DB-4E42-802B-A07348BAFAE5}
	EndGlobalSection
EndGlobal
